
Microsoft Visual Studio Solution File, Format Version 12.00
# Visual Studio Version 16
VisualStudioVersion = 16.0.30204.135
MinimumVisualStudioVersion = 10.0.40219.1
Project("{2150E333-8FDC-42A3-9474-1A3956D46DE8}") = "Core", "Core", "{49C0F965-86D9-4A9A-BA14-5FC47642B286}"
EndProject
Project("{9A19103F-16F7-4668-BE54-9A1E7A4F7556}") = "Core.Domain", "Common.Domain\Core.Domain.csproj", "{75CE30DA-C5C6-4498-BB66-FA2E5C8FB237}"
EndProject
Project("{9A19103F-16F7-4668-BE54-9A1E7A4F7556}") = "Core.Application", "Common.Application\Core.Application.csproj", "{12575289-299F-4B5C-880A-5567203A8738}"
EndProject
Project("{9A19103F-16F7-4668-BE54-9A1E7A4F7556}") = "Core.Infrastructure", "Common.Infrastructure\Core.Infrastructure.csproj", "{CCBC8648-6B3D-4280-89CC-98A57999FE5B}"
EndProject
Project("{2150E333-8FDC-42A3-9474-1A3956D46DE8}") = "Tournament", "Tournament", "{5C3C54DB-7F11-4B78-BA30-05F6B7054A26}"
EndProject
Project("{9A19103F-16F7-4668-BE54-9A1E7A4F7556}") = "Tournament.Domain", "Tournament.Domain\Tournament.Domain.csproj", "{D9F0952F-BA25-41E3-91BF-26AC628B9826}"
EndProject
Project("{9A19103F-16F7-4668-BE54-9A1E7A4F7556}") = "Tournament.Application", "Tournament.Application\Tournament.Application.csproj", "{EDD3761A-1883-4231-9469-A104D1B6F59A}"
EndProject
Project("{9A19103F-16F7-4668-BE54-9A1E7A4F7556}") = "Tournament.Infrastructure", "Tournament.Infrastructure\Tournament.Infrastructure.csproj", "{AE7FE27D-660A-4F01-80FF-CE09F2ABA769}"
EndProject
Project("{9A19103F-16F7-4668-BE54-9A1E7A4F7556}") = "Tournament.Startup", "Tournament.Startup\Tournament.Startup.csproj", "{AE143CE8-FC0C-4D73-B5B4-BA1991E67F66}"
EndProject
Project("{9A19103F-16F7-4668-BE54-9A1E7A4F7556}") = "Tournament.Web", "Tournament.Web\Tournament.Web.csproj", "{436D1ABE-68DD-44C0-8951-C79742E9C64B}"
EndProject
Project("{9A19103F-16F7-4668-BE54-9A1E7A4F7556}") = "Core.Web", "Core.Web\Core.Web.csproj", "{63A9A266-9CC5-41BA-B826-55CB3EF1227C}"
EndProject
Project("{2150E333-8FDC-42A3-9474-1A3956D46DE8}") = "Statistics", "Statistics", "{973DE5AC-3EA2-4B5F-90F2-EF9F809D0233}"
EndProject
Project("{9A19103F-16F7-4668-BE54-9A1E7A4F7556}") = "Statistics.Domain", "Statistics.Domain\Statistics.Domain.csproj", "{0EC6A363-C869-4BC7-ABD7-847F086EE7F9}"
EndProject
Project("{9A19103F-16F7-4668-BE54-9A1E7A4F7556}") = "Statistics.Application", "Statistics.Application\Statistics.Application.csproj", "{CCEF8431-AD83-460C-831D-D454F516DEE0}"
EndProject
Project("{9A19103F-16F7-4668-BE54-9A1E7A4F7556}") = "Statistics.Infrastructure", "Statistics.Infrastructure\Statistics.Infrastructure.csproj", "{BD8764D2-F242-4EBF-AF69-896012CD6F96}"
EndProject
Project("{9A19103F-16F7-4668-BE54-9A1E7A4F7556}") = "Statistics.Web", "Statistics.Web\Statistics.Web.csproj", "{9E2A160A-913E-49F1-A2C2-4B91D62A3B5C}"
EndProject
Project("{9A19103F-16F7-4668-BE54-9A1E7A4F7556}") = "Statistics.Startup", "Statistics.Startup\Statistics.Startup.csproj", "{D731A102-8578-499A-9829-96039038A7CA}"
EndProject
Project("{2150E333-8FDC-42A3-9474-1A3956D46DE8}") = "Person", "Person", "{A594987E-B654-4C4B-9586-6F30124B4334}"
EndProject
Project("{9A19103F-16F7-4668-BE54-9A1E7A4F7556}") = "Person.Domain", "Person.Domain\Person.Domain.csproj", "{F1F1F14B-9CF3-4514-BA56-C8542E6FC607}"
EndProject
Project("{9A19103F-16F7-4668-BE54-9A1E7A4F7556}") = "Person.Application", "Person.Application\Person.Application.csproj", "{805CBC09-BB55-4B47-A162-65D7DCCA1F85}"
EndProject
Project("{9A19103F-16F7-4668-BE54-9A1E7A4F7556}") = "Person.Infrastructure", "Person.Infrastructure\Person.Infrastructure.csproj", "{015C2D5A-5F41-4D0C-B278-AF66161F54AD}"
EndProject
Project("{9A19103F-16F7-4668-BE54-9A1E7A4F7556}") = "Person.Web", "Person.Web\Person.Web.csproj", "{2644CF9A-C3AF-4B89-8B65-FF5A5F5CF54D}"
EndProject
Project("{9A19103F-16F7-4668-BE54-9A1E7A4F7556}") = "Person.Startup", "Person.Startup\Person.Startup.csproj", "{8567768F-0B27-425F-891D-0016CC8A02D9}"
EndProject
Project("{2150E333-8FDC-42A3-9474-1A3956D46DE8}") = "Solution Items", "Solution Items", "{86F8D978-7203-4E38-BD79-09E444345935}"
	ProjectSection(SolutionItems) = preProject
		.editorconfig = .editorconfig
	EndProjectSection
EndProject
Project("{FAE04EC0-301F-11D3-BF4B-00C04F79EFBC}") = "FootballTournamentSystem.Watchdog", "FootballTournamentSystem.Watchdog\FootballTournamentSystem.Watchdog.csproj", "{706B5B95-1024-45D7-9DB7-2E46D8FC04B4}"
EndProject
Global
	GlobalSection(SolutionConfigurationPlatforms) = preSolution
		Debug|Any CPU = Debug|Any CPU
		Release|Any CPU = Release|Any CPU
	EndGlobalSection
	GlobalSection(ProjectConfigurationPlatforms) = postSolution
		{75CE30DA-C5C6-4498-BB66-FA2E5C8FB237}.Debug|Any CPU.ActiveCfg = Debug|Any CPU
		{75CE30DA-C5C6-4498-BB66-FA2E5C8FB237}.Debug|Any CPU.Build.0 = Debug|Any CPU
		{75CE30DA-C5C6-4498-BB66-FA2E5C8FB237}.Release|Any CPU.ActiveCfg = Release|Any CPU
		{75CE30DA-C5C6-4498-BB66-FA2E5C8FB237}.Release|Any CPU.Build.0 = Release|Any CPU
		{12575289-299F-4B5C-880A-5567203A8738}.Debug|Any CPU.ActiveCfg = Debug|Any CPU
		{12575289-299F-4B5C-880A-5567203A8738}.Debug|Any CPU.Build.0 = Debug|Any CPU
		{12575289-299F-4B5C-880A-5567203A8738}.Release|Any CPU.ActiveCfg = Release|Any CPU
		{12575289-299F-4B5C-880A-5567203A8738}.Release|Any CPU.Build.0 = Release|Any CPU
		{CCBC8648-6B3D-4280-89CC-98A57999FE5B}.Debug|Any CPU.ActiveCfg = Debug|Any CPU
		{CCBC8648-6B3D-4280-89CC-98A57999FE5B}.Debug|Any CPU.Build.0 = Debug|Any CPU
		{CCBC8648-6B3D-4280-89CC-98A57999FE5B}.Release|Any CPU.ActiveCfg = Release|Any CPU
		{CCBC8648-6B3D-4280-89CC-98A57999FE5B}.Release|Any CPU.Build.0 = Release|Any CPU
		{D9F0952F-BA25-41E3-91BF-26AC628B9826}.Debug|Any CPU.ActiveCfg = Debug|Any CPU
		{D9F0952F-BA25-41E3-91BF-26AC628B9826}.Debug|Any CPU.Build.0 = Debug|Any CPU
		{D9F0952F-BA25-41E3-91BF-26AC628B9826}.Release|Any CPU.ActiveCfg = Release|Any CPU
		{D9F0952F-BA25-41E3-91BF-26AC628B9826}.Release|Any CPU.Build.0 = Release|Any CPU
		{EDD3761A-1883-4231-9469-A104D1B6F59A}.Debug|Any CPU.ActiveCfg = Debug|Any CPU
		{EDD3761A-1883-4231-9469-A104D1B6F59A}.Debug|Any CPU.Build.0 = Debug|Any CPU
		{EDD3761A-1883-4231-9469-A104D1B6F59A}.Release|Any CPU.ActiveCfg = Release|Any CPU
		{EDD3761A-1883-4231-9469-A104D1B6F59A}.Release|Any CPU.Build.0 = Release|Any CPU
		{AE7FE27D-660A-4F01-80FF-CE09F2ABA769}.Debug|Any CPU.ActiveCfg = Debug|Any CPU
		{AE7FE27D-660A-4F01-80FF-CE09F2ABA769}.Debug|Any CPU.Build.0 = Debug|Any CPU
		{AE7FE27D-660A-4F01-80FF-CE09F2ABA769}.Release|Any CPU.ActiveCfg = Release|Any CPU
		{AE7FE27D-660A-4F01-80FF-CE09F2ABA769}.Release|Any CPU.Build.0 = Release|Any CPU
		{AE143CE8-FC0C-4D73-B5B4-BA1991E67F66}.Debug|Any CPU.ActiveCfg = Debug|Any CPU
		{AE143CE8-FC0C-4D73-B5B4-BA1991E67F66}.Debug|Any CPU.Build.0 = Debug|Any CPU
		{AE143CE8-FC0C-4D73-B5B4-BA1991E67F66}.Release|Any CPU.ActiveCfg = Release|Any CPU
		{AE143CE8-FC0C-4D73-B5B4-BA1991E67F66}.Release|Any CPU.Build.0 = Release|Any CPU
		{436D1ABE-68DD-44C0-8951-C79742E9C64B}.Debug|Any CPU.ActiveCfg = Debug|Any CPU
		{436D1ABE-68DD-44C0-8951-C79742E9C64B}.Debug|Any CPU.Build.0 = Debug|Any CPU
		{436D1ABE-68DD-44C0-8951-C79742E9C64B}.Release|Any CPU.ActiveCfg = Release|Any CPU
		{436D1ABE-68DD-44C0-8951-C79742E9C64B}.Release|Any CPU.Build.0 = Release|Any CPU
		{63A9A266-9CC5-41BA-B826-55CB3EF1227C}.Debug|Any CPU.ActiveCfg = Debug|Any CPU
		{63A9A266-9CC5-41BA-B826-55CB3EF1227C}.Debug|Any CPU.Build.0 = Debug|Any CPU
		{63A9A266-9CC5-41BA-B826-55CB3EF1227C}.Release|Any CPU.ActiveCfg = Release|Any CPU
		{63A9A266-9CC5-41BA-B826-55CB3EF1227C}.Release|Any CPU.Build.0 = Release|Any CPU
		{0EC6A363-C869-4BC7-ABD7-847F086EE7F9}.Debug|Any CPU.ActiveCfg = Debug|Any CPU
		{0EC6A363-C869-4BC7-ABD7-847F086EE7F9}.Debug|Any CPU.Build.0 = Debug|Any CPU
		{0EC6A363-C869-4BC7-ABD7-847F086EE7F9}.Release|Any CPU.ActiveCfg = Release|Any CPU
		{0EC6A363-C869-4BC7-ABD7-847F086EE7F9}.Release|Any CPU.Build.0 = Release|Any CPU
		{CCEF8431-AD83-460C-831D-D454F516DEE0}.Debug|Any CPU.ActiveCfg = Debug|Any CPU
		{CCEF8431-AD83-460C-831D-D454F516DEE0}.Debug|Any CPU.Build.0 = Debug|Any CPU
		{CCEF8431-AD83-460C-831D-D454F516DEE0}.Release|Any CPU.ActiveCfg = Release|Any CPU
		{CCEF8431-AD83-460C-831D-D454F516DEE0}.Release|Any CPU.Build.0 = Release|Any CPU
		{BD8764D2-F242-4EBF-AF69-896012CD6F96}.Debug|Any CPU.ActiveCfg = Debug|Any CPU
		{BD8764D2-F242-4EBF-AF69-896012CD6F96}.Debug|Any CPU.Build.0 = Debug|Any CPU
		{BD8764D2-F242-4EBF-AF69-896012CD6F96}.Release|Any CPU.ActiveCfg = Release|Any CPU
		{BD8764D2-F242-4EBF-AF69-896012CD6F96}.Release|Any CPU.Build.0 = Release|Any CPU
		{9E2A160A-913E-49F1-A2C2-4B91D62A3B5C}.Debug|Any CPU.ActiveCfg = Debug|Any CPU
		{9E2A160A-913E-49F1-A2C2-4B91D62A3B5C}.Debug|Any CPU.Build.0 = Debug|Any CPU
		{9E2A160A-913E-49F1-A2C2-4B91D62A3B5C}.Release|Any CPU.ActiveCfg = Release|Any CPU
		{9E2A160A-913E-49F1-A2C2-4B91D62A3B5C}.Release|Any CPU.Build.0 = Release|Any CPU
		{D731A102-8578-499A-9829-96039038A7CA}.Debug|Any CPU.ActiveCfg = Debug|Any CPU
		{D731A102-8578-499A-9829-96039038A7CA}.Debug|Any CPU.Build.0 = Debug|Any CPU
		{D731A102-8578-499A-9829-96039038A7CA}.Release|Any CPU.ActiveCfg = Release|Any CPU
		{D731A102-8578-499A-9829-96039038A7CA}.Release|Any CPU.Build.0 = Release|Any CPU
		{F1F1F14B-9CF3-4514-BA56-C8542E6FC607}.Debug|Any CPU.ActiveCfg = Debug|Any CPU
		{F1F1F14B-9CF3-4514-BA56-C8542E6FC607}.Debug|Any CPU.Build.0 = Debug|Any CPU
		{F1F1F14B-9CF3-4514-BA56-C8542E6FC607}.Release|Any CPU.ActiveCfg = Release|Any CPU
		{F1F1F14B-9CF3-4514-BA56-C8542E6FC607}.Release|Any CPU.Build.0 = Release|Any CPU
		{805CBC09-BB55-4B47-A162-65D7DCCA1F85}.Debug|Any CPU.ActiveCfg = Debug|Any CPU
		{805CBC09-BB55-4B47-A162-65D7DCCA1F85}.Debug|Any CPU.Build.0 = Debug|Any CPU
		{805CBC09-BB55-4B47-A162-65D7DCCA1F85}.Release|Any CPU.ActiveCfg = Release|Any CPU
		{805CBC09-BB55-4B47-A162-65D7DCCA1F85}.Release|Any CPU.Build.0 = Release|Any CPU
		{015C2D5A-5F41-4D0C-B278-AF66161F54AD}.Debug|Any CPU.ActiveCfg = Debug|Any CPU
		{015C2D5A-5F41-4D0C-B278-AF66161F54AD}.Debug|Any CPU.Build.0 = Debug|Any CPU
		{015C2D5A-5F41-4D0C-B278-AF66161F54AD}.Release|Any CPU.ActiveCfg = Release|Any CPU
		{015C2D5A-5F41-4D0C-B278-AF66161F54AD}.Release|Any CPU.Build.0 = Release|Any CPU
		{2644CF9A-C3AF-4B89-8B65-FF5A5F5CF54D}.Debug|Any CPU.ActiveCfg = Debug|Any CPU
		{2644CF9A-C3AF-4B89-8B65-FF5A5F5CF54D}.Debug|Any CPU.Build.0 = Debug|Any CPU
		{2644CF9A-C3AF-4B89-8B65-FF5A5F5CF54D}.Release|Any CPU.ActiveCfg = Release|Any CPU
		{2644CF9A-C3AF-4B89-8B65-FF5A5F5CF54D}.Release|Any CPU.Build.0 = Release|Any CPU
		{8567768F-0B27-425F-891D-0016CC8A02D9}.Debug|Any CPU.ActiveCfg = Debug|Any CPU
		{8567768F-0B27-425F-891D-0016CC8A02D9}.Debug|Any CPU.Build.0 = Debug|Any CPU
		{8567768F-0B27-425F-891D-0016CC8A02D9}.Release|Any CPU.ActiveCfg = Release|Any CPU
		{8567768F-0B27-425F-891D-0016CC8A02D9}.Release|Any CPU.Build.0 = Release|Any CPU
		{706B5B95-1024-45D7-9DB7-2E46D8FC04B4}.Debug|Any CPU.ActiveCfg = Debug|Any CPU
		{706B5B95-1024-45D7-9DB7-2E46D8FC04B4}.Debug|Any CPU.Build.0 = Debug|Any CPU
		{706B5B95-1024-45D7-9DB7-2E46D8FC04B4}.Release|Any CPU.ActiveCfg = Release|Any CPU
		{706B5B95-1024-45D7-9DB7-2E46D8FC04B4}.Release|Any CPU.Build.0 = Release|Any CPU
	EndGlobalSection
	GlobalSection(SolutionProperties) = preSolution
		HideSolutionNode = FALSE
	EndGlobalSection
	GlobalSection(NestedProjects) = preSolution
		{75CE30DA-C5C6-4498-BB66-FA2E5C8FB237} = {49C0F965-86D9-4A9A-BA14-5FC47642B286}
		{12575289-299F-4B5C-880A-5567203A8738} = {49C0F965-86D9-4A9A-BA14-5FC47642B286}
		{CCBC8648-6B3D-4280-89CC-98A57999FE5B} = {49C0F965-86D9-4A9A-BA14-5FC47642B286}
		{D9F0952F-BA25-41E3-91BF-26AC628B9826} = {5C3C54DB-7F11-4B78-BA30-05F6B7054A26}
		{EDD3761A-1883-4231-9469-A104D1B6F59A} = {5C3C54DB-7F11-4B78-BA30-05F6B7054A26}
		{AE7FE27D-660A-4F01-80FF-CE09F2ABA769} = {5C3C54DB-7F11-4B78-BA30-05F6B7054A26}
		{AE143CE8-FC0C-4D73-B5B4-BA1991E67F66} = {5C3C54DB-7F11-4B78-BA30-05F6B7054A26}
		{436D1ABE-68DD-44C0-8951-C79742E9C64B} = {5C3C54DB-7F11-4B78-BA30-05F6B7054A26}
		{63A9A266-9CC5-41BA-B826-55CB3EF1227C} = {49C0F965-86D9-4A9A-BA14-5FC47642B286}
		{0EC6A363-C869-4BC7-ABD7-847F086EE7F9} = {973DE5AC-3EA2-4B5F-90F2-EF9F809D0233}
		{CCEF8431-AD83-460C-831D-D454F516DEE0} = {973DE5AC-3EA2-4B5F-90F2-EF9F809D0233}
		{BD8764D2-F242-4EBF-AF69-896012CD6F96} = {973DE5AC-3EA2-4B5F-90F2-EF9F809D0233}
		{9E2A160A-913E-49F1-A2C2-4B91D62A3B5C} = {973DE5AC-3EA2-4B5F-90F2-EF9F809D0233}
		{D731A102-8578-499A-9829-96039038A7CA} = {973DE5AC-3EA2-4B5F-90F2-EF9F809D0233}
		{F1F1F14B-9CF3-4514-BA56-C8542E6FC607} = {A594987E-B654-4C4B-9586-6F30124B4334}
		{805CBC09-BB55-4B47-A162-65D7DCCA1F85} = {A594987E-B654-4C4B-9586-6F30124B4334}
		{015C2D5A-5F41-4D0C-B278-AF66161F54AD} = {A594987E-B654-4C4B-9586-6F30124B4334}
		{2644CF9A-C3AF-4B89-8B65-FF5A5F5CF54D} = {A594987E-B654-4C4B-9586-6F30124B4334}
		{8567768F-0B27-425F-891D-0016CC8A02D9} = {A594987E-B654-4C4B-9586-6F30124B4334}
	EndGlobalSection
	GlobalSection(ExtensibilityGlobals) = postSolution
		SolutionGuid = {DB002E0C-688C-4D80-A9DD-AB134BFCFFF4}
	EndGlobalSection
EndGlobal
